
Microsoft Visual Studio Solution File, Format Version 12.00
# Visual Studio Version 17
VisualStudioVersion = 17.3.32929.385
MinimumVisualStudioVersion = 10.0.40219.1
Project("{9A19103F-16F7-4668-BE54-9A1E7A4F7556}") = "WinFormsApp1", "WinFormsApp1\WinFormsApp1.csproj", "{7076EBDC-E930-4C7B-8C47-36793EF509D8}"
EndProject
Project("{2150E333-8FDC-42A3-9474-1A3956D46DE8}") = "Solution Items", "Solution Items", "{9C085E55-E97E-414A-8353-9D27FE42E2B6}"
	ProjectSection(SolutionItems) = preProject
		Class1.cs = Class1.cs
		WinFormsApp1\Form2.cs = WinFormsApp1\Form2.cs
		WinFormsApp1\Form2.Designer.cs = WinFormsApp1\Form2.Designer.cs
		WinFormsApp1\Form2.resx = WinFormsApp1\Form2.resx
	EndProjectSection
EndProject
Global
	GlobalSection(SolutionConfigurationPlatforms) = preSolution
		Debug|Any CPU = Debug|Any CPU
		Release|Any CPU = Release|Any CPU
	EndGlobalSection
	GlobalSection(ProjectConfigurationPlatforms) = postSolution
		{7076EBDC-E930-4C7B-8C47-36793EF509D8}.Debug|Any CPU.ActiveCfg = Debug|Any CPU
		{7076EBDC-E930-4C7B-8C47-36793EF509D8}.Debug|Any CPU.Build.0 = Debug|Any CPU
		{7076EBDC-E930-4C7B-8C47-36793EF509D8}.Release|Any CPU.ActiveCfg = Release|Any CPU
		{7076EBDC-E930-4C7B-8C47-36793EF509D8}.Release|Any CPU.Build.0 = Release|Any CPU
	EndGlobalSection
	GlobalSection(SolutionProperties) = preSolution
		HideSolutionNode = FALSE
	EndGlobalSection
	GlobalSection(ExtensibilityGlobals) = postSolution
		SolutionGuid = {10B33987-7083-45D4-B16D-6C6D62A2EB6D}
	EndGlobalSection
EndGlobal
